
Microsoft Visual Studio Solution File, Format Version 12.00
# Visual Studio Version 17
VisualStudioVersion = 17.5.002.0
MinimumVisualStudioVersion = 10.0.40219.1
Project("{2150E333-8FDC-42A3-9474-1A3956D46DE8}") = "Learning-path-01", "Learning-path-01", "{4F98D995-51A1-4710-A3CE-F92258941039}"
EndProject
Project("{9A19103F-16F7-4668-BE54-9A1E7A4F7556}") = "Module-01", "Learning-path-01\Module-01\Module-01.csproj", "{15B0EB20-CDD8-4073-92D9-CB745CE353B8}"
EndProject
Project("{9A19103F-16F7-4668-BE54-9A1E7A4F7556}") = "Module-02", "Learning-path-01\Module-02\Module-02.csproj", "{4BAD06BF-6416-4F27-B3F0-F56E59590F92}"
EndProject
Project("{9A19103F-16F7-4668-BE54-9A1E7A4F7556}") = "Module-03", "Learning-path-01\Module-03\Module-03.csproj", "{EA9612C5-EE56-40C1-98FD-9A9CF14E3623}"
EndProject
Project("{2150E333-8FDC-42A3-9474-1A3956D46DE8}") = "Module-04", "Module-04", "{76291CB9-3939-462B-9976-C0013CA255B0}"
EndProject
Project("{9A19103F-16F7-4668-BE54-9A1E7A4F7556}") = "Module-challenge", "Learning-path-01\Module-04\Module-challenge\Module-challenge.csproj", "{48A2736C-381A-49D5-8B1A-97EAE12CA783}"
EndProject
Project("{9A19103F-16F7-4668-BE54-9A1E7A4F7556}") = "Related-mini-project", "Learning-path-01\Module-04\Related-mini-project\Related-mini-project.csproj", "{F98FD797-DDF3-4D06-B1F5-5D13EBCA395D}"
EndProject
Project("{2150E333-8FDC-42A3-9474-1A3956D46DE8}") = "Module-05", "Module-05", "{8CF0712C-4E82-44EA-9E8C-55F903503A78}"
EndProject
Project("{9A19103F-16F7-4668-BE54-9A1E7A4F7556}") = "Related-mini-project", "Learning-path-01\Module-05\Related-mini-project\Related-mini-project.csproj", "{21A4D7FC-F532-40B7-8094-FAA223C054C2}"
EndProject
Project("{2150E333-8FDC-42A3-9474-1A3956D46DE8}") = "Module-06", "Module-06", "{930A74F6-0B2E-4DFB-ADAD-5C8484972425}"
EndProject
Project("{9A19103F-16F7-4668-BE54-9A1E7A4F7556}") = "Related-mini-project", "Learning-path-01\Module-06\Related-mini-project\Related-mini-project.csproj", "{C9B04EB3-3225-4087-B1D4-90FAA4014EB1}"
EndProject
Project("{2150E333-8FDC-42A3-9474-1A3956D46DE8}") = "Practices-during-units", "Practices-during-units", "{53D80F2B-4F63-4A1D-AE4F-65847B1A86BA}"
EndProject
Project("{9A19103F-16F7-4668-BE54-9A1E7A4F7556}") = "Practices-01", "Learning-path-01\Module-04\Practices-during-units\Practices-01\Practices-01.csproj", "{D67C9B12-AA6E-427F-867B-7E7293E77616}"
EndProject
Project("{9A19103F-16F7-4668-BE54-9A1E7A4F7556}") = "Practices-02", "Learning-path-01\Module-04\Practices-during-units\Practices-02\Practices-02.csproj", "{FB0AB573-EFA1-425D-BEA4-AF6E7C6EFC30}"
EndProject
Project("{9A19103F-16F7-4668-BE54-9A1E7A4F7556}") = "Practices-03", "Learning-path-01\Module-04\Practices-during-units\Practices-03\Practices-03.csproj", "{37AFB931-CB19-4F62-9A0A-A9D6761B6386}"
EndProject
Project("{9A19103F-16F7-4668-BE54-9A1E7A4F7556}") = "Practices-04", "Learning-path-01\Module-04\Practices-during-units\Practices-04\Practices-04.csproj", "{A6FE5AFC-7364-4B5A-A14C-46E453E9A4A3}"
EndProject
Project("{9A19103F-16F7-4668-BE54-9A1E7A4F7556}") = "Practices-05", "Learning-path-01\Module-04\Practices-during-units\Practices-05\Practices-05.csproj", "{BB6465B2-1B1A-4E60-83C9-C2C03C4E2E1C}"
EndProject
Project("{9A19103F-16F7-4668-BE54-9A1E7A4F7556}") = "Practices-06", "Learning-path-01\Module-04\Practices-during-units\Practices-06\Practices-06.csproj", "{EE80D6B5-D44E-4E70-9831-664C4CBA2393}"
EndProject
Project("{9A19103F-16F7-4668-BE54-9A1E7A4F7556}") = "Practices-07", "Learning-path-01\Module-04\Practices-during-units\Practices-07\Practices-07.csproj", "{05A23A48-D866-41A7-A00B-0DB5498C8225}"
EndProject
Project("{9A19103F-16F7-4668-BE54-9A1E7A4F7556}") = "Practices-08", "Learning-path-01\Module-04\Practices-during-units\Practices-08\Practices-08.csproj", "{112C3A9D-79DF-4CBE-AF49-8432D9E97BFC}"
EndProject
Project("{9A19103F-16F7-4668-BE54-9A1E7A4F7556}") = "Practices-09", "Learning-path-01\Module-04\Practices-during-units\Practices-09\Practices-09.csproj", "{02C45687-ADC0-4AF6-9DF9-DC28A184D860}"
EndProject
Project("{9A19103F-16F7-4668-BE54-9A1E7A4F7556}") = "Practices-10", "Learning-path-01\Module-04\Practices-during-units\Practices-10\Practices-10.csproj", "{7F0F4D5E-191F-472A-BD76-DB8136086226}"
EndProject
Project("{2150E333-8FDC-42A3-9474-1A3956D46DE8}") = "Practices-during-units", "Practices-during-units", "{81D84500-F416-40C5-A702-D6C2458A7E21}"
EndProject
Project("{9A19103F-16F7-4668-BE54-9A1E7A4F7556}") = "Practices-01", "Learning-path-01\Module-05\Practices-during-units\Practices-01\Practices-01.csproj", "{D44F5F55-88EE-472D-B1AF-A999D4684848}"
EndProject
Project("{9A19103F-16F7-4668-BE54-9A1E7A4F7556}") = "Practices-02", "Learning-path-01\Module-05\Practices-during-units\Practices-02\Practices-02.csproj", "{262C4C76-85B6-4361-B977-0E524F7A7809}"
EndProject
Project("{9A19103F-16F7-4668-BE54-9A1E7A4F7556}") = "Practices-03", "Learning-path-01\Module-05\Practices-during-units\Practices-03\Practices-03.csproj", "{CA049E5A-9E79-4C2A-959C-9D90715E3107}"
EndProject
Project("{9A19103F-16F7-4668-BE54-9A1E7A4F7556}") = "Practices-04", "Learning-path-01\Module-05\Practices-during-units\Practices-04\Practices-04.csproj", "{13D0613E-EEFD-4CC2-B1E5-F3AB2DD3EA58}"
EndProject
Project("{2150E333-8FDC-42A3-9474-1A3956D46DE8}") = "Practices-during-units", "Practices-during-units", "{5C1D806B-FD32-42A3-8ED1-937267F162DE}"
EndProject
Project("{9A19103F-16F7-4668-BE54-9A1E7A4F7556}") = "Practices-01", "Learning-path-01\Module-06\Practices-during-units\Practices-01\Practices-01.csproj", "{543264C8-FCD6-4381-BB04-50A26F91F7C8}"
EndProject
Project("{9A19103F-16F7-4668-BE54-9A1E7A4F7556}") = "Practices-02", "Learning-path-01\Module-06\Practices-during-units\Practices-02\Practices-02.csproj", "{52F2BACB-4C42-4237-854D-759DF7CEB1CB}"
EndProject
Project("{9A19103F-16F7-4668-BE54-9A1E7A4F7556}") = "Practices-03", "Learning-path-01\Module-06\Practices-during-units\Practices-03\Practices-03.csproj", "{6DAC2B12-AADA-4885-AEF2-C42276F15229}"
EndProject
Project("{9A19103F-16F7-4668-BE54-9A1E7A4F7556}") = "Practices-04", "Learning-path-01\Module-06\Practices-during-units\Practices-04\Practices-04.csproj", "{D59003C6-CBA0-4226-98D2-D52236585843}"
EndProject
Project("{9A19103F-16F7-4668-BE54-9A1E7A4F7556}") = "Practices-05", "Learning-path-01\Module-06\Practices-during-units\Practices-05\Practices-05.csproj", "{8E54AF85-B948-4A7B-92F8-083457DE71F3}"
EndProject
Project("{9A19103F-16F7-4668-BE54-9A1E7A4F7556}") = "Practices-06", "Learning-path-01\Module-06\Practices-during-units\Practices-06\Practices-06.csproj", "{38401433-BEA6-49FC-995D-0F976A2DB8A7}"
EndProject
Global
	GlobalSection(SolutionConfigurationPlatforms) = preSolution
		Debug|Any CPU = Debug|Any CPU
		Release|Any CPU = Release|Any CPU
	EndGlobalSection
	GlobalSection(ProjectConfigurationPlatforms) = postSolution
		{15B0EB20-CDD8-4073-92D9-CB745CE353B8}.Debug|Any CPU.ActiveCfg = Debug|Any CPU
		{15B0EB20-CDD8-4073-92D9-CB745CE353B8}.Debug|Any CPU.Build.0 = Debug|Any CPU
		{15B0EB20-CDD8-4073-92D9-CB745CE353B8}.Release|Any CPU.ActiveCfg = Release|Any CPU
		{15B0EB20-CDD8-4073-92D9-CB745CE353B8}.Release|Any CPU.Build.0 = Release|Any CPU
		{4BAD06BF-6416-4F27-B3F0-F56E59590F92}.Debug|Any CPU.ActiveCfg = Debug|Any CPU
		{4BAD06BF-6416-4F27-B3F0-F56E59590F92}.Debug|Any CPU.Build.0 = Debug|Any CPU
		{4BAD06BF-6416-4F27-B3F0-F56E59590F92}.Release|Any CPU.ActiveCfg = Release|Any CPU
		{4BAD06BF-6416-4F27-B3F0-F56E59590F92}.Release|Any CPU.Build.0 = Release|Any CPU
		{EA9612C5-EE56-40C1-98FD-9A9CF14E3623}.Debug|Any CPU.ActiveCfg = Debug|Any CPU
		{EA9612C5-EE56-40C1-98FD-9A9CF14E3623}.Debug|Any CPU.Build.0 = Debug|Any CPU
		{EA9612C5-EE56-40C1-98FD-9A9CF14E3623}.Release|Any CPU.ActiveCfg = Release|Any CPU
		{EA9612C5-EE56-40C1-98FD-9A9CF14E3623}.Release|Any CPU.Build.0 = Release|Any CPU
		{48A2736C-381A-49D5-8B1A-97EAE12CA783}.Debug|Any CPU.ActiveCfg = Debug|Any CPU
		{48A2736C-381A-49D5-8B1A-97EAE12CA783}.Debug|Any CPU.Build.0 = Debug|Any CPU
		{48A2736C-381A-49D5-8B1A-97EAE12CA783}.Release|Any CPU.ActiveCfg = Release|Any CPU
		{48A2736C-381A-49D5-8B1A-97EAE12CA783}.Release|Any CPU.Build.0 = Release|Any CPU
		{F98FD797-DDF3-4D06-B1F5-5D13EBCA395D}.Debug|Any CPU.ActiveCfg = Debug|Any CPU
		{F98FD797-DDF3-4D06-B1F5-5D13EBCA395D}.Debug|Any CPU.Build.0 = Debug|Any CPU
		{F98FD797-DDF3-4D06-B1F5-5D13EBCA395D}.Release|Any CPU.ActiveCfg = Release|Any CPU
		{F98FD797-DDF3-4D06-B1F5-5D13EBCA395D}.Release|Any CPU.Build.0 = Release|Any CPU
		{21A4D7FC-F532-40B7-8094-FAA223C054C2}.Debug|Any CPU.ActiveCfg = Debug|Any CPU
		{21A4D7FC-F532-40B7-8094-FAA223C054C2}.Debug|Any CPU.Build.0 = Debug|Any CPU
		{21A4D7FC-F532-40B7-8094-FAA223C054C2}.Release|Any CPU.ActiveCfg = Release|Any CPU
		{21A4D7FC-F532-40B7-8094-FAA223C054C2}.Release|Any CPU.Build.0 = Release|Any CPU
		{C9B04EB3-3225-4087-B1D4-90FAA4014EB1}.Debug|Any CPU.ActiveCfg = Debug|Any CPU
		{C9B04EB3-3225-4087-B1D4-90FAA4014EB1}.Debug|Any CPU.Build.0 = Debug|Any CPU
		{C9B04EB3-3225-4087-B1D4-90FAA4014EB1}.Release|Any CPU.ActiveCfg = Release|Any CPU
		{C9B04EB3-3225-4087-B1D4-90FAA4014EB1}.Release|Any CPU.Build.0 = Release|Any CPU
		{D67C9B12-AA6E-427F-867B-7E7293E77616}.Debug|Any CPU.ActiveCfg = Debug|Any CPU
		{D67C9B12-AA6E-427F-867B-7E7293E77616}.Debug|Any CPU.Build.0 = Debug|Any CPU
		{D67C9B12-AA6E-427F-867B-7E7293E77616}.Release|Any CPU.ActiveCfg = Release|Any CPU
		{D67C9B12-AA6E-427F-867B-7E7293E77616}.Release|Any CPU.Build.0 = Release|Any CPU
		{FB0AB573-EFA1-425D-BEA4-AF6E7C6EFC30}.Debug|Any CPU.ActiveCfg = Debug|Any CPU
		{FB0AB573-EFA1-425D-BEA4-AF6E7C6EFC30}.Debug|Any CPU.Build.0 = Debug|Any CPU
		{FB0AB573-EFA1-425D-BEA4-AF6E7C6EFC30}.Release|Any CPU.ActiveCfg = Release|Any CPU
		{FB0AB573-EFA1-425D-BEA4-AF6E7C6EFC30}.Release|Any CPU.Build.0 = Release|Any CPU
		{37AFB931-CB19-4F62-9A0A-A9D6761B6386}.Debug|Any CPU.ActiveCfg = Debug|Any CPU
		{37AFB931-CB19-4F62-9A0A-A9D6761B6386}.Debug|Any CPU.Build.0 = Debug|Any CPU
		{37AFB931-CB19-4F62-9A0A-A9D6761B6386}.Release|Any CPU.ActiveCfg = Release|Any CPU
		{37AFB931-CB19-4F62-9A0A-A9D6761B6386}.Release|Any CPU.Build.0 = Release|Any CPU
		{A6FE5AFC-7364-4B5A-A14C-46E453E9A4A3}.Debug|Any CPU.ActiveCfg = Debug|Any CPU
		{A6FE5AFC-7364-4B5A-A14C-46E453E9A4A3}.Debug|Any CPU.Build.0 = Debug|Any CPU
		{A6FE5AFC-7364-4B5A-A14C-46E453E9A4A3}.Release|Any CPU.ActiveCfg = Release|Any CPU
		{A6FE5AFC-7364-4B5A-A14C-46E453E9A4A3}.Release|Any CPU.Build.0 = Release|Any CPU
		{BB6465B2-1B1A-4E60-83C9-C2C03C4E2E1C}.Debug|Any CPU.ActiveCfg = Debug|Any CPU
		{BB6465B2-1B1A-4E60-83C9-C2C03C4E2E1C}.Debug|Any CPU.Build.0 = Debug|Any CPU
		{BB6465B2-1B1A-4E60-83C9-C2C03C4E2E1C}.Release|Any CPU.ActiveCfg = Release|Any CPU
		{BB6465B2-1B1A-4E60-83C9-C2C03C4E2E1C}.Release|Any CPU.Build.0 = Release|Any CPU
		{EE80D6B5-D44E-4E70-9831-664C4CBA2393}.Debug|Any CPU.ActiveCfg = Debug|Any CPU
		{EE80D6B5-D44E-4E70-9831-664C4CBA2393}.Debug|Any CPU.Build.0 = Debug|Any CPU
		{EE80D6B5-D44E-4E70-9831-664C4CBA2393}.Release|Any CPU.ActiveCfg = Release|Any CPU
		{EE80D6B5-D44E-4E70-9831-664C4CBA2393}.Release|Any CPU.Build.0 = Release|Any CPU
		{05A23A48-D866-41A7-A00B-0DB5498C8225}.Debug|Any CPU.ActiveCfg = Debug|Any CPU
		{05A23A48-D866-41A7-A00B-0DB5498C8225}.Debug|Any CPU.Build.0 = Debug|Any CPU
		{05A23A48-D866-41A7-A00B-0DB5498C8225}.Release|Any CPU.ActiveCfg = Release|Any CPU
		{05A23A48-D866-41A7-A00B-0DB5498C8225}.Release|Any CPU.Build.0 = Release|Any CPU
		{112C3A9D-79DF-4CBE-AF49-8432D9E97BFC}.Debug|Any CPU.ActiveCfg = Debug|Any CPU
		{112C3A9D-79DF-4CBE-AF49-8432D9E97BFC}.Debug|Any CPU.Build.0 = Debug|Any CPU
		{112C3A9D-79DF-4CBE-AF49-8432D9E97BFC}.Release|Any CPU.ActiveCfg = Release|Any CPU
		{112C3A9D-79DF-4CBE-AF49-8432D9E97BFC}.Release|Any CPU.Build.0 = Release|Any CPU
		{02C45687-ADC0-4AF6-9DF9-DC28A184D860}.Debug|Any CPU.ActiveCfg = Debug|Any CPU
		{02C45687-ADC0-4AF6-9DF9-DC28A184D860}.Debug|Any CPU.Build.0 = Debug|Any CPU
		{02C45687-ADC0-4AF6-9DF9-DC28A184D860}.Release|Any CPU.ActiveCfg = Release|Any CPU
		{02C45687-ADC0-4AF6-9DF9-DC28A184D860}.Release|Any CPU.Build.0 = Release|Any CPU
		{7F0F4D5E-191F-472A-BD76-DB8136086226}.Debug|Any CPU.ActiveCfg = Debug|Any CPU
		{7F0F4D5E-191F-472A-BD76-DB8136086226}.Debug|Any CPU.Build.0 = Debug|Any CPU
		{7F0F4D5E-191F-472A-BD76-DB8136086226}.Release|Any CPU.ActiveCfg = Release|Any CPU
		{7F0F4D5E-191F-472A-BD76-DB8136086226}.Release|Any CPU.Build.0 = Release|Any CPU
		{D44F5F55-88EE-472D-B1AF-A999D4684848}.Debug|Any CPU.ActiveCfg = Debug|Any CPU
		{D44F5F55-88EE-472D-B1AF-A999D4684848}.Debug|Any CPU.Build.0 = Debug|Any CPU
		{D44F5F55-88EE-472D-B1AF-A999D4684848}.Release|Any CPU.ActiveCfg = Release|Any CPU
		{D44F5F55-88EE-472D-B1AF-A999D4684848}.Release|Any CPU.Build.0 = Release|Any CPU
		{262C4C76-85B6-4361-B977-0E524F7A7809}.Debug|Any CPU.ActiveCfg = Debug|Any CPU
		{262C4C76-85B6-4361-B977-0E524F7A7809}.Debug|Any CPU.Build.0 = Debug|Any CPU
		{262C4C76-85B6-4361-B977-0E524F7A7809}.Release|Any CPU.ActiveCfg = Release|Any CPU
		{262C4C76-85B6-4361-B977-0E524F7A7809}.Release|Any CPU.Build.0 = Release|Any CPU
		{CA049E5A-9E79-4C2A-959C-9D90715E3107}.Debug|Any CPU.ActiveCfg = Debug|Any CPU
		{CA049E5A-9E79-4C2A-959C-9D90715E3107}.Debug|Any CPU.Build.0 = Debug|Any CPU
		{CA049E5A-9E79-4C2A-959C-9D90715E3107}.Release|Any CPU.ActiveCfg = Release|Any CPU
		{CA049E5A-9E79-4C2A-959C-9D90715E3107}.Release|Any CPU.Build.0 = Release|Any CPU
		{13D0613E-EEFD-4CC2-B1E5-F3AB2DD3EA58}.Debug|Any CPU.ActiveCfg = Debug|Any CPU
		{13D0613E-EEFD-4CC2-B1E5-F3AB2DD3EA58}.Debug|Any CPU.Build.0 = Debug|Any CPU
		{13D0613E-EEFD-4CC2-B1E5-F3AB2DD3EA58}.Release|Any CPU.ActiveCfg = Release|Any CPU
		{13D0613E-EEFD-4CC2-B1E5-F3AB2DD3EA58}.Release|Any CPU.Build.0 = Release|Any CPU
		{543264C8-FCD6-4381-BB04-50A26F91F7C8}.Debug|Any CPU.ActiveCfg = Debug|Any CPU
		{543264C8-FCD6-4381-BB04-50A26F91F7C8}.Debug|Any CPU.Build.0 = Debug|Any CPU
		{543264C8-FCD6-4381-BB04-50A26F91F7C8}.Release|Any CPU.ActiveCfg = Release|Any CPU
		{543264C8-FCD6-4381-BB04-50A26F91F7C8}.Release|Any CPU.Build.0 = Release|Any CPU
		{52F2BACB-4C42-4237-854D-759DF7CEB1CB}.Debug|Any CPU.ActiveCfg = Debug|Any CPU
		{52F2BACB-4C42-4237-854D-759DF7CEB1CB}.Debug|Any CPU.Build.0 = Debug|Any CPU
		{52F2BACB-4C42-4237-854D-759DF7CEB1CB}.Release|Any CPU.ActiveCfg = Release|Any CPU
		{52F2BACB-4C42-4237-854D-759DF7CEB1CB}.Release|Any CPU.Build.0 = Release|Any CPU
		{6DAC2B12-AADA-4885-AEF2-C42276F15229}.Debug|Any CPU.ActiveCfg = Debug|Any CPU
		{6DAC2B12-AADA-4885-AEF2-C42276F15229}.Debug|Any CPU.Build.0 = Debug|Any CPU
		{6DAC2B12-AADA-4885-AEF2-C42276F15229}.Release|Any CPU.ActiveCfg = Release|Any CPU
		{6DAC2B12-AADA-4885-AEF2-C42276F15229}.Release|Any CPU.Build.0 = Release|Any CPU
		{D59003C6-CBA0-4226-98D2-D52236585843}.Debug|Any CPU.ActiveCfg = Debug|Any CPU
		{D59003C6-CBA0-4226-98D2-D52236585843}.Debug|Any CPU.Build.0 = Debug|Any CPU
		{D59003C6-CBA0-4226-98D2-D52236585843}.Release|Any CPU.ActiveCfg = Release|Any CPU
		{D59003C6-CBA0-4226-98D2-D52236585843}.Release|Any CPU.Build.0 = Release|Any CPU
		{8E54AF85-B948-4A7B-92F8-083457DE71F3}.Debug|Any CPU.ActiveCfg = Debug|Any CPU
		{8E54AF85-B948-4A7B-92F8-083457DE71F3}.Debug|Any CPU.Build.0 = Debug|Any CPU
		{8E54AF85-B948-4A7B-92F8-083457DE71F3}.Release|Any CPU.ActiveCfg = Release|Any CPU
		{8E54AF85-B948-4A7B-92F8-083457DE71F3}.Release|Any CPU.Build.0 = Release|Any CPU
		{38401433-BEA6-49FC-995D-0F976A2DB8A7}.Debug|Any CPU.ActiveCfg = Debug|Any CPU
		{38401433-BEA6-49FC-995D-0F976A2DB8A7}.Debug|Any CPU.Build.0 = Debug|Any CPU
		{38401433-BEA6-49FC-995D-0F976A2DB8A7}.Release|Any CPU.ActiveCfg = Release|Any CPU
		{38401433-BEA6-49FC-995D-0F976A2DB8A7}.Release|Any CPU.Build.0 = Release|Any CPU
	EndGlobalSection
	GlobalSection(SolutionProperties) = preSolution
		HideSolutionNode = FALSE
	EndGlobalSection
	GlobalSection(NestedProjects) = preSolution
		{15B0EB20-CDD8-4073-92D9-CB745CE353B8} = {4F98D995-51A1-4710-A3CE-F92258941039}
		{4BAD06BF-6416-4F27-B3F0-F56E59590F92} = {4F98D995-51A1-4710-A3CE-F92258941039}
		{EA9612C5-EE56-40C1-98FD-9A9CF14E3623} = {4F98D995-51A1-4710-A3CE-F92258941039}
		{76291CB9-3939-462B-9976-C0013CA255B0} = {4F98D995-51A1-4710-A3CE-F92258941039}
		{48A2736C-381A-49D5-8B1A-97EAE12CA783} = {76291CB9-3939-462B-9976-C0013CA255B0}
		{F98FD797-DDF3-4D06-B1F5-5D13EBCA395D} = {76291CB9-3939-462B-9976-C0013CA255B0}
		{8CF0712C-4E82-44EA-9E8C-55F903503A78} = {4F98D995-51A1-4710-A3CE-F92258941039}
		{21A4D7FC-F532-40B7-8094-FAA223C054C2} = {8CF0712C-4E82-44EA-9E8C-55F903503A78}
		{930A74F6-0B2E-4DFB-ADAD-5C8484972425} = {4F98D995-51A1-4710-A3CE-F92258941039}
		{C9B04EB3-3225-4087-B1D4-90FAA4014EB1} = {930A74F6-0B2E-4DFB-ADAD-5C8484972425}
		{53D80F2B-4F63-4A1D-AE4F-65847B1A86BA} = {76291CB9-3939-462B-9976-C0013CA255B0}
		{D67C9B12-AA6E-427F-867B-7E7293E77616} = {53D80F2B-4F63-4A1D-AE4F-65847B1A86BA}
		{FB0AB573-EFA1-425D-BEA4-AF6E7C6EFC30} = {53D80F2B-4F63-4A1D-AE4F-65847B1A86BA}
		{37AFB931-CB19-4F62-9A0A-A9D6761B6386} = {53D80F2B-4F63-4A1D-AE4F-65847B1A86BA}
		{A6FE5AFC-7364-4B5A-A14C-46E453E9A4A3} = {53D80F2B-4F63-4A1D-AE4F-65847B1A86BA}
		{BB6465B2-1B1A-4E60-83C9-C2C03C4E2E1C} = {53D80F2B-4F63-4A1D-AE4F-65847B1A86BA}
		{EE80D6B5-D44E-4E70-9831-664C4CBA2393} = {53D80F2B-4F63-4A1D-AE4F-65847B1A86BA}
		{05A23A48-D866-41A7-A00B-0DB5498C8225} = {53D80F2B-4F63-4A1D-AE4F-65847B1A86BA}
		{112C3A9D-79DF-4CBE-AF49-8432D9E97BFC} = {53D80F2B-4F63-4A1D-AE4F-65847B1A86BA}
		{02C45687-ADC0-4AF6-9DF9-DC28A184D860} = {53D80F2B-4F63-4A1D-AE4F-65847B1A86BA}
		{7F0F4D5E-191F-472A-BD76-DB8136086226} = {53D80F2B-4F63-4A1D-AE4F-65847B1A86BA}
		{81D84500-F416-40C5-A702-D6C2458A7E21} = {8CF0712C-4E82-44EA-9E8C-55F903503A78}
		{D44F5F55-88EE-472D-B1AF-A999D4684848} = {81D84500-F416-40C5-A702-D6C2458A7E21}
		{262C4C76-85B6-4361-B977-0E524F7A7809} = {81D84500-F416-40C5-A702-D6C2458A7E21}
		{CA049E5A-9E79-4C2A-959C-9D90715E3107} = {81D84500-F416-40C5-A702-D6C2458A7E21}
		{13D0613E-EEFD-4CC2-B1E5-F3AB2DD3EA58} = {81D84500-F416-40C5-A702-D6C2458A7E21}
		{5C1D806B-FD32-42A3-8ED1-937267F162DE} = {930A74F6-0B2E-4DFB-ADAD-5C8484972425}
		{543264C8-FCD6-4381-BB04-50A26F91F7C8} = {5C1D806B-FD32-42A3-8ED1-937267F162DE}
		{52F2BACB-4C42-4237-854D-759DF7CEB1CB} = {5C1D806B-FD32-42A3-8ED1-937267F162DE}
		{6DAC2B12-AADA-4885-AEF2-C42276F15229} = {5C1D806B-FD32-42A3-8ED1-937267F162DE}
		{D59003C6-CBA0-4226-98D2-D52236585843} = {5C1D806B-FD32-42A3-8ED1-937267F162DE}
		{8E54AF85-B948-4A7B-92F8-083457DE71F3} = {5C1D806B-FD32-42A3-8ED1-937267F162DE}
		{38401433-BEA6-49FC-995D-0F976A2DB8A7} = {5C1D806B-FD32-42A3-8ED1-937267F162DE}
	EndGlobalSection
	GlobalSection(ExtensibilityGlobals) = postSolution
		SolutionGuid = {75E64C0A-7F57-4100-B87E-6B61938E12E5}
	EndGlobalSection
EndGlobal
